<?xml version="1.0" encoding="utf-8"?>
<Project ToolsVersion="4.0" xmlns="http://schemas.microsoft.com/developer/msbuild/2003">
  <ItemGroup>
    <Filter Include="NNMCAK">
      <UniqueIdentifier>{FD3B80C3-E9DD-AA99-D298-BEEDBED931EA}</UniqueIdentifier>
    </Filter>
    <Filter Include="NNMCAK\Events">
      <UniqueIdentifier>{41E91448-ADA9-907E-76E4-D9FBE263D55A}</UniqueIdentifier>
    </Filter>
  </ItemGroup>
  <ItemGroup>
    <ClInclude Include="src\NNMCAK\Application.h">
      <Filter>NNMCAK</Filter>
    </ClInclude>
    <ClInclude Include="src\NNMCAK\Core.h">
      <Filter>NNMCAK</Filter>
    </ClInclude>
    <ClInclude Include="src\NNMCAK\EntryPoint.h">
      <Filter>NNMCAK</Filter>
    </ClInclude>
    <ClInclude Include="src\NNMCAK\Events\ApplicationEvent.h">
      <Filter>NNMCAK\Events</Filter>
    </ClInclude>
    <ClInclude Include="src\NNMCAK\Events\Event.h">
      <Filter>NNMCAK\Events</Filter>
    </ClInclude>
    <ClInclude Include="src\NNMCAK\Events\KeyEvent.h">
      <Filter>NNMCAK\Events</Filter>
    </ClInclude>
    <ClInclude Include="src\NNMCAK\Events\MouseEvent.h">
      <Filter>NNMCAK\Events</Filter>
    </ClInclude>
    <ClInclude Include="src\NNMCAK\Log.h">
      <Filter>NNMCAK</Filter>
    </ClInclude>
    <ClInclude Include="src\NNMCAKpch.h" />
    <ClInclude Include="src\Nanamichiaki.h" />
  </ItemGroup>
  <ItemGroup>
    <ClCompile Include="src\NNMCAK\Application.cpp">
      <Filter>NNMCAK</Filter>
    </ClCompile>
    <ClCompile Include="src\NNMCAK\Log.cpp">
      <Filter>NNMCAK</Filter>
    </ClCompile>
    <ClCompile Include="src\NNMCAKpch.cpp" />
  </ItemGroup>
</Project>